{
  "R": {
    "Version": "4.2.1",
    "Repositories": [
      {
        "Name": "CRAN",
        "URL": "https://cloud.r-project.org"
      }
    ]
  },
  "Packages": {
    "R.cache": {
      "Package": "R.cache",
      "Version": "0.15.0",
      "Source": "Repository",
      "Repository": "CRAN",
      "Hash": "e92a8ea8388c47c82ed8aa435ed3be50",
      "Requirements": [
        "R.methodsS3",
        "R.oo",
        "R.utils",
        "digest"
      ]
    },
    "R.methodsS3": {
      "Package": "R.methodsS3",
      "Version": "1.8.1",
      "Source": "Repository",
      "Repository": "CRAN",
      "Hash": "4bf6453323755202d5909697b6f7c109",
      "Requirements": []
    },
    "R.oo": {
      "Package": "R.oo",
      "Version": "1.24.0",
      "Source": "Repository",
      "Repository": "CRAN",
      "Hash": "5709328352717e2f0a9c012be8a97554",
      "Requirements": [
        "R.methodsS3"
      ]
    },
    "R.utils": {
      "Package": "R.utils",
      "Version": "2.11.0",
      "Source": "Repository",
      "Repository": "CRAN",
      "Hash": "a7ecb8e60815c7a18648e84cd121b23a",
      "Requirements": [
        "R.methodsS3",
        "R.oo"
      ]
    },
    "R6": {
      "Package": "R6",
      "Version": "2.5.1",
      "Source": "Repository",
      "Repository": "CRAN",
      "Hash": "470851b6d5d0ac559e9d01bb352b4021",
      "Requirements": []
    },
    "Rcpp": {
      "Package": "Rcpp",
      "Version": "1.0.8.3",
      "Source": "Repository",
      "Repository": "CRAN",
      "Hash": "32e79b908fda56ee57fe518a8d37b864",
      "Requirements": []
    },
    "askpass": {
      "Package": "askpass",
      "Version": "1.1",
      "Source": "Repository",
      "Repository": "CRAN",
      "Hash": "e8a22846fff485f0be3770c2da758713",
      "Requirements": [
        "sys"
      ]
    },
    "backports": {
      "Package": "backports",
      "Version": "1.4.1",
      "Source": "Repository",
      "Repository": "CRAN",
      "Hash": "c39fbec8a30d23e721980b8afb31984c",
      "Requirements": []
    },
    "base64enc": {
      "Package": "base64enc",
      "Version": "0.1-3",
      "Source": "Repository",
      "Repository": "CRAN",
      "Hash": "543776ae6848fde2f48ff3816d0628bc",
      "Requirements": []
    },
    "box": {
      "Package": "box",
      "Version": "1.1.0",
      "Source": "Repository",
      "Repository": "CRAN",
      "Hash": "9b84787d7fa74d7cba737f703317e900",
      "Requirements": []
    },
    "brio": {
      "Package": "brio",
      "Version": "1.1.3",
      "Source": "Repository",
      "Repository": "CRAN",
      "Hash": "976cf154dfb043c012d87cddd8bca363",
      "Requirements": []
    },
    "bslib": {
      "Package": "bslib",
      "Version": "0.3.1",
      "Source": "Repository",
      "Repository": "CRAN",
      "Hash": "56ae7e1987b340186a8a5a157c2ec358",
      "Requirements": [
        "htmltools",
        "jquerylib",
        "jsonlite",
        "rlang",
        "sass"
      ]
    },
    "cachem": {
      "Package": "cachem",
      "Version": "1.0.6",
      "Source": "Repository",
      "Repository": "CRAN",
      "Hash": "648c5b3d71e6a37e3043617489a0a0e9",
      "Requirements": [
        "fastmap",
        "rlang"
      ]
    },
    "callr": {
      "Package": "callr",
      "Version": "3.7.3",
      "Source": "Repository",
      "Repository": "CRAN",
      "Hash": "9b2191ede20fa29828139b9900922e51",
      "Requirements": [
        "R6",
        "processx"
      ]
    },
    "cellranger": {
      "Package": "cellranger",
      "Version": "1.1.0",
      "Source": "Repository",
      "Repository": "CRAN",
      "Hash": "f61dbaec772ccd2e17705c1e872e9e7c",
      "Requirements": [
        "rematch",
        "tibble"
      ]
    },
    "cli": {
      "Package": "cli",
      "Version": "3.6.0",
      "Source": "Repository",
      "Repository": "CRAN",
      "Hash": "3177a5a16c243adc199ba33117bd9657",
      "Requirements": []
    },
    "codetools": {
      "Package": "codetools",
      "Version": "0.2-18",
      "Source": "Repository",
      "Repository": "CRAN",
      "Hash": "019388fc48e48b3da0d3a76ff94608a8",
      "Requirements": []
    },
    "commonmark": {
      "Package": "commonmark",
      "Version": "1.8.0",
      "Source": "Repository",
      "Repository": "CRAN",
      "Hash": "2ba81b120c1655ab696c935ef33ea716",
      "Requirements": []
    },
    "config": {
      "Package": "config",
      "Version": "0.3.2",
      "Source": "Repository",
      "Repository": "CRAN",
      "Hash": "8b7222e9d9eb5178eea545c0c4d33fc2",
      "Requirements": [
        "yaml"
      ]
    },
    "cpp11": {
      "Package": "cpp11",
      "Version": "0.4.6",
      "Source": "Repository",
      "Repository": "CRAN",
      "Hash": "707fae4bbf73697ec8d85f9d7076c061",
      "Requirements": []
    },
    "crayon": {
      "Package": "crayon",
      "Version": "1.5.1",
      "Source": "Repository",
      "Repository": "CRAN",
      "Hash": "8dc45fd8a1ee067a92b85ef274e66d6a",
      "Requirements": []
    },
    "crosstalk": {
      "Package": "crosstalk",
      "Version": "1.2.0",
      "Source": "Repository",
      "Repository": "CRAN",
      "Hash": "6aa54f69598c32177e920eb3402e8293",
      "Requirements": [
        "R6",
        "htmltools",
        "jsonlite",
        "lazyeval"
      ]
    },
    "curl": {
      "Package": "curl",
      "Version": "5.0.2",
      "Source": "Repository",
      "Repository": "CRAN",
      "Hash": "511bacbfa153a15251166b463b4da4f9",
      "Requirements": []
    },
    "cyclocomp": {
      "Package": "cyclocomp",
      "Version": "1.1.0",
      "Source": "Repository",
      "Repository": "CRAN",
      "Hash": "53cbed70a2f7472d48fb6aef08442f25",
      "Requirements": [
        "callr",
        "crayon",
        "desc",
        "remotes",
        "withr"
      ]
    },
    "desc": {
      "Package": "desc",
      "Version": "1.4.1",
      "Source": "Repository",
      "Repository": "CRAN",
      "Hash": "eebd27ee58fcc58714eedb7aa07d8ad1",
      "Requirements": [
        "R6",
        "cli",
        "rprojroot"
      ]
    },
    "diffobj": {
      "Package": "diffobj",
      "Version": "0.3.5",
      "Source": "Repository",
      "Repository": "CRAN",
      "Hash": "bcaa8b95f8d7d01a5dedfd959ce88ab8",
      "Requirements": [
        "crayon"
      ]
    },
    "digest": {
      "Package": "digest",
      "Version": "0.6.29",
      "Source": "Repository",
      "Repository": "CRAN",
      "Hash": "cf6b206a045a684728c3267ef7596190",
      "Requirements": []
    },
    "dplyr": {
      "Package": "dplyr",
      "Version": "1.1.2",
      "Source": "Repository",
      "Repository": "CRAN",
      "Hash": "dea6970ff715ca541c387de363ff405e",
      "Requirements": [
        "R6",
        "cli",
        "generics",
        "glue",
        "lifecycle",
        "magrittr",
        "pillar",
        "rlang",
        "tibble",
        "tidyselect",
        "vctrs"
      ]
    },
    "ellipsis": {
      "Package": "ellipsis",
      "Version": "0.3.2",
      "Source": "Repository",
      "Repository": "CRAN",
      "Hash": "bb0eec2fe32e88d9e2836c2f73ea2077",
      "Requirements": [
        "rlang"
      ]
    },
    "evaluate": {
      "Package": "evaluate",
      "Version": "0.15",
      "Source": "Repository",
      "Repository": "CRAN",
      "Hash": "699a7a93d08c962d9f8950b2d7a227f1",
      "Requirements": []
    },
    "fansi": {
      "Package": "fansi",
      "Version": "1.0.3",
      "Source": "Repository",
      "Repository": "CRAN",
      "Hash": "83a8afdbe71839506baa9f90eebad7ec",
      "Requirements": []
    },
    "fastmap": {
      "Package": "fastmap",
      "Version": "1.1.0",
      "Source": "Repository",
      "Repository": "CRAN",
      "Hash": "77bd60a6157420d4ffa93b27cf6a58b8",
      "Requirements": []
    },
    "fontawesome": {
      "Package": "fontawesome",
      "Version": "0.5.2",
      "Source": "Repository",
      "Repository": "CRAN",
      "Hash": "c2efdd5f0bcd1ea861c2d4e2a883a67d",
      "Requirements": [
        "htmltools",
        "rlang"
      ]
    },
    "fs": {
      "Package": "fs",
      "Version": "1.5.2",
      "Source": "Repository",
      "Repository": "CRAN",
      "Hash": "7c89603d81793f0d5486d91ab1fc6f1d",
      "Requirements": []
    },
    "gargle": {
      "Package": "gargle",
      "Version": "1.5.2",
      "Source": "Repository",
      "Repository": "CRAN",
      "Hash": "fc0b272e5847c58cd5da9b20eedbd026",
      "Requirements": [
        "cli",
        "fs",
        "glue",
        "httr",
        "jsonlite",
        "lifecycle",
        "openssl",
        "rappdirs",
        "rlang",
        "withr"
      ]
    },
    "generics": {
      "Package": "generics",
      "Version": "0.1.3",
      "Source": "Repository",
      "Repository": "CRAN",
      "Hash": "15e9634c0fcd294799e9b2e929ed1b86",
      "Requirements": []
    },
    "glue": {
      "Package": "glue",
      "Version": "1.6.2",
      "Source": "Repository",
      "Repository": "CRAN",
      "Hash": "4f2596dfb05dac67b9dc558e5c6fba2e",
      "Requirements": []
    },
    "googledrive": {
      "Package": "googledrive",
      "Version": "2.1.1",
      "Source": "Repository",
      "Repository": "CRAN",
      "Hash": "e99641edef03e2a5e87f0a0b1fcc97f4",
      "Requirements": [
        "cli",
        "gargle",
        "glue",
        "httr",
        "jsonlite",
        "lifecycle",
        "magrittr",
        "pillar",
        "purrr",
        "rlang",
        "tibble",
        "uuid",
        "vctrs",
        "withr"
      ]
    },
    "googlesheets4": {
      "Package": "googlesheets4",
      "Version": "1.1.1",
      "Source": "Repository",
      "Repository": "CRAN",
      "Hash": "d6db1667059d027da730decdc214b959",
      "Requirements": [
        "cellranger",
        "cli",
        "curl",
        "gargle",
        "glue",
        "googledrive",
        "httr",
        "ids",
        "lifecycle",
        "magrittr",
        "purrr",
        "rematch2",
        "rlang",
        "tibble",
        "vctrs",
        "withr"
      ]
    },
    "highr": {
      "Package": "highr",
      "Version": "0.9",
      "Source": "Repository",
      "Repository": "CRAN",
      "Hash": "8eb36c8125038e648e5d111c0d7b2ed4",
      "Requirements": [
        "xfun"
      ]
    },
    "hms": {
      "Package": "hms",
      "Version": "1.1.3",
      "Source": "Repository",
      "Repository": "CRAN",
      "Hash": "b59377caa7ed00fa41808342002138f9",
      "Requirements": [
        "lifecycle",
        "pkgconfig",
        "rlang",
        "vctrs"
      ]
    },
    "htmltools": {
      "Package": "htmltools",
      "Version": "0.5.5",
      "Source": "Repository",
      "Repository": "CRAN",
      "Hash": "ba0240784ad50a62165058a27459304a",
      "Requirements": [
        "base64enc",
        "digest",
        "ellipsis",
        "fastmap",
        "rlang"
      ]
    },
    "htmlwidgets": {
      "Package": "htmlwidgets",
      "Version": "1.6.2",
      "Source": "Repository",
      "Repository": "CRAN",
      "Hash": "a865aa85bcb2697f47505bfd70422471",
      "Requirements": [
        "htmltools",
        "jsonlite",
        "knitr",
        "rmarkdown",
        "yaml"
      ]
    },
    "httpuv": {
      "Package": "httpuv",
      "Version": "1.6.5",
      "Source": "Repository",
      "Repository": "CRAN",
      "Hash": "97fe71f0a4a1c9890e6c2128afa04bc0",
      "Requirements": [
        "R6",
        "Rcpp",
        "later",
        "promises"
      ]
    },
    "httr": {
      "Package": "httr",
      "Version": "1.4.7",
      "Source": "Repository",
      "Repository": "CRAN",
      "Hash": "ac107251d9d9fd72f0ca8049988f1d7f",
      "Requirements": [
        "R6",
        "curl",
        "jsonlite",
        "mime",
        "openssl"
      ]
    },
    "ids": {
      "Package": "ids",
      "Version": "1.0.1",
      "Source": "Repository",
      "Repository": "CRAN",
      "Hash": "99df65cfef20e525ed38c3d2577f7190",
      "Requirements": [
        "openssl",
        "uuid"
      ]
    },
    "janitor": {
      "Package": "janitor",
      "Version": "2.2.0",
      "Source": "Repository",
      "Repository": "CRAN",
      "Hash": "5baae149f1082f466df9d1442ba7aa65",
      "Requirements": [
        "dplyr",
        "hms",
        "lifecycle",
        "lubridate",
        "magrittr",
        "purrr",
        "rlang",
        "snakecase",
        "stringi",
        "stringr",
        "tidyr",
        "tidyselect"
      ]
    },
    "jquerylib": {
      "Package": "jquerylib",
      "Version": "0.1.4",
      "Source": "Repository",
      "Repository": "CRAN",
      "Hash": "5aab57a3bd297eee1c1d862735972182",
      "Requirements": [
        "htmltools"
      ]
    },
    "jsonlite": {
      "Package": "jsonlite",
      "Version": "1.8.0",
      "Source": "Repository",
      "Repository": "CRAN",
      "Hash": "d07e729b27b372429d42d24d503613a0",
      "Requirements": []
    },
    "knitr": {
      "Package": "knitr",
      "Version": "1.43",
      "Source": "Repository",
      "Repository": "CRAN",
      "Hash": "9775eb076713f627c07ce41d8199d8f6",
      "Requirements": [
        "evaluate",
        "highr",
        "xfun",
        "yaml"
      ]
    },
    "later": {
      "Package": "later",
      "Version": "1.3.0",
      "Source": "Repository",
      "Repository": "CRAN",
      "Hash": "7e7b457d7766bc47f2a5f21cc2984f8e",
      "Requirements": [
        "Rcpp",
        "rlang"
      ]
    },
    "lazyeval": {
      "Package": "lazyeval",
      "Version": "0.2.2",
      "Source": "Repository",
      "Repository": "CRAN",
      "Hash": "d908914ae53b04d4c0c0fd72ecc35370",
      "Requirements": []
    },
    "lifecycle": {
      "Package": "lifecycle",
      "Version": "1.0.3",
      "Source": "Repository",
      "Repository": "CRAN",
      "Hash": "001cecbeac1cff9301bdc3775ee46a86",
      "Requirements": [
        "cli",
        "glue",
        "rlang"
      ]
    },
    "lintr": {
      "Package": "lintr",
      "Version": "3.0.2",
      "Source": "Repository",
      "Repository": "CRAN",
      "Hash": "b21ebd652d940f099915221f3328ab7b",
      "Requirements": [
        "backports",
        "codetools",
        "crayon",
        "cyclocomp",
        "digest",
        "glue",
        "jsonlite",
        "knitr",
        "rex",
        "xml2",
        "xmlparsedata"
      ]
    },
    "logger": {
      "Package": "logger",
      "Version": "0.2.2",
      "Source": "Repository",
      "Repository": "CRAN",
      "Hash": "c269b06beb2bbadb0d058c0e6fa4ec3d",
      "Requirements": []
    },
    "lubridate": {
      "Package": "lubridate",
      "Version": "1.9.2",
      "Source": "Repository",
      "Repository": "CRAN",
      "Hash": "e25f18436e3efd42c7c590a1c4c15390",
      "Requirements": [
        "generics",
        "timechange"
      ]
    },
    "magrittr": {
      "Package": "magrittr",
      "Version": "2.0.3",
      "Source": "Repository",
      "Repository": "CRAN",
      "Hash": "7ce2733a9826b3aeb1775d56fd305472",
      "Requirements": []
    },
    "mime": {
      "Package": "mime",
      "Version": "0.12",
      "Source": "Repository",
      "Repository": "CRAN",
      "Hash": "18e9c28c1d3ca1560ce30658b22ce104",
      "Requirements": []
    },
    "openssl": {
      "Package": "openssl",
      "Version": "2.1.0",
      "Source": "Repository",
      "Repository": "CRAN",
      "Hash": "273a6bb4a9844c296a459d2176673270",
      "Requirements": [
        "askpass"
      ]
    },
    "pillar": {
      "Package": "pillar",
      "Version": "1.9.0",
      "Source": "Repository",
      "Repository": "CRAN",
      "Hash": "15da5a8412f317beeee6175fbc76f4bb",
      "Requirements": [
        "cli",
        "fansi",
        "glue",
        "lifecycle",
        "rlang",
        "utf8",
        "vctrs"
      ]
    },
    "pkgconfig": {
      "Package": "pkgconfig",
      "Version": "2.0.3",
      "Source": "Repository",
      "Repository": "CRAN",
      "Hash": "01f28d4278f15c76cddbea05899c5d6f",
      "Requirements": []
    },
    "pkgload": {
      "Package": "pkgload",
      "Version": "1.3.2",
      "Source": "Repository",
      "Repository": "CRAN",
      "Hash": "6b0c222c5071efe0f3baf3dae9aa40e2",
      "Requirements": [
        "cli",
        "crayon",
        "desc",
        "fs",
        "glue",
        "rlang",
        "rprojroot",
        "withr"
      ]
    },
    "praise": {
      "Package": "praise",
      "Version": "1.0.0",
      "Source": "Repository",
      "Repository": "CRAN",
      "Hash": "a555924add98c99d2f411e37e7d25e9f",
      "Requirements": []
    },
    "processx": {
      "Package": "processx",
      "Version": "3.8.1",
      "Source": "Repository",
      "Repository": "CRAN",
      "Hash": "d75b4059d781336efba24021915902b4",
      "Requirements": [
        "R6",
        "ps"
      ]
    },
    "promises": {
      "Package": "promises",
      "Version": "1.2.0.1",
      "Source": "Repository",
      "Repository": "CRAN",
      "Hash": "4ab2c43adb4d4699cf3690acd378d75d",
      "Requirements": [
        "R6",
        "Rcpp",
        "later",
        "magrittr",
        "rlang"
      ]
    },
    "ps": {
      "Package": "ps",
      "Version": "1.6.0",
      "Source": "Repository",
      "Repository": "CRAN",
      "Hash": "32620e2001c1dce1af49c49dccbb9420",
      "Requirements": []
    },
    "purrr": {
      "Package": "purrr",
      "Version": "1.0.1",
      "Source": "Repository",
      "Repository": "CRAN",
      "Hash": "d71c815267c640f17ddbf7f16144b4bb",
      "Requirements": [
        "cli",
        "lifecycle",
        "magrittr",
        "rlang",
        "vctrs"
      ]
    },
    "rappdirs": {
      "Package": "rappdirs",
      "Version": "0.3.3",
      "Source": "Repository",
      "Repository": "CRAN",
      "Hash": "5e3c5dc0b071b21fa128676560dbe94d",
      "Requirements": []
    },
    "reactR": {
      "Package": "reactR",
      "Version": "0.4.4",
      "Source": "Repository",
      "Repository": "CRAN",
      "Hash": "75389c8091eb14ee21c6bc87a88b3809",
      "Requirements": [
        "htmltools"
      ]
    },
    "reactable": {
      "Package": "reactable",
      "Version": "0.4.4",
      "Source": "Repository",
      "Repository": "CRAN",
      "Hash": "6069eb2a6597963eae0605c1875ff14c",
      "Requirements": [
        "digest",
        "htmltools",
        "htmlwidgets",
        "jsonlite",
        "reactR"
      ]
    },
    "rematch": {
      "Package": "rematch",
      "Version": "1.0.1",
      "Source": "Repository",
      "Repository": "CRAN",
      "Hash": "c66b930d20bb6d858cd18e1cebcfae5c",
      "Requirements": []
    },
    "rematch2": {
      "Package": "rematch2",
      "Version": "2.1.2",
      "Source": "Repository",
      "Repository": "CRAN",
      "Hash": "76c9e04c712a05848ae7a23d2f170a40",
      "Requirements": [
        "tibble"
      ]
    },
    "remotes": {
      "Package": "remotes",
      "Version": "2.4.2",
      "Source": "Repository",
      "Repository": "CRAN",
      "Hash": "227045be9aee47e6dda9bb38ac870d67",
      "Requirements": []
    },
    "renv": {
      "Package": "renv",
      "Version": "0.15.4",
      "Source": "Repository",
      "Repository": "CRAN",
      "Hash": "c1078316e1d4f70275fc1ea60c0bc431",
      "Requirements": []
    },
    "rex": {
      "Package": "rex",
      "Version": "1.2.1",
      "Source": "Repository",
      "Repository": "CRAN",
      "Hash": "ae34cd56890607370665bee5bd17812f",
      "Requirements": [
        "lazyeval"
      ]
    },
    "rhino": {
      "Package": "rhino",
      "Version": "0.6.4",
      "Source": "Repository",
      "Repository": "CRAN",
      "Hash": "0fd18b470b37cf2e64eba385fda40bb5",
      "Requirements": [
        "box",
        "cli",
        "fs",
        "glue",
        "lintr",
        "logger",
        "purrr",
        "renv",
        "sass",
        "shiny",
        "styler",
        "testthat",
        "withr",
        "yaml"
      ]
    },
    "rlang": {
      "Package": "rlang",
      "Version": "1.1.1",
      "Source": "Repository",
      "Repository": "CRAN",
      "Hash": "a85c767b55f0bf9b7ad16c6d7baee5bb",
      "Requirements": []
    },
    "rmarkdown": {
      "Package": "rmarkdown",
      "Version": "2.24",
      "Source": "Repository",
      "Repository": "CRAN",
      "Hash": "3854c37590717c08c32ec8542a2e0a35",
      "Requirements": [
        "bslib",
        "evaluate",
        "fontawesome",
        "htmltools",
        "jquerylib",
        "jsonlite",
        "knitr",
        "stringr",
        "tinytex",
        "xfun",
        "yaml"
      ]
    },
    "rprojroot": {
      "Package": "rprojroot",
      "Version": "2.0.3",
      "Source": "Repository",
      "Repository": "CRAN",
      "Hash": "1de7ab598047a87bba48434ba35d497d",
      "Requirements": []
    },
    "sass": {
      "Package": "sass",
      "Version": "0.4.1",
      "Source": "Repository",
      "Repository": "CRAN",
      "Hash": "f37c0028d720bab3c513fd65d28c7234",
      "Requirements": [
        "R6",
        "fs",
        "htmltools",
        "rappdirs",
        "rlang"
      ]
    },
    "shiny": {
      "Package": "shiny",
      "Version": "1.7.1",
      "Source": "Repository",
      "Repository": "CRAN",
      "Hash": "00344c227c7bd0ab5d78052c5d736c44",
      "Requirements": [
        "R6",
        "bslib",
        "cachem",
        "commonmark",
        "crayon",
        "ellipsis",
        "fastmap",
        "fontawesome",
        "glue",
        "htmltools",
        "httpuv",
        "jsonlite",
        "later",
        "lifecycle",
        "mime",
        "promises",
        "rlang",
        "sourcetools",
        "withr",
        "xtable"
      ]
    },
    "shinyjs": {
      "Package": "shinyjs",
      "Version": "2.1.0",
      "Source": "Repository",
      "Repository": "CRAN",
      "Hash": "802e4786b353a4bb27116957558548d5",
      "Requirements": [
        "digest",
        "jsonlite",
        "shiny"
      ]
    },
    "snakecase": {
      "Package": "snakecase",
      "Version": "0.11.1",
      "Source": "Repository",
      "Repository": "CRAN",
      "Hash": "58767e44739b76965332e8a4fe3f91f1",
      "Requirements": [
        "stringi",
        "stringr"
      ]
    },
    "sourcetools": {
      "Package": "sourcetools",
      "Version": "0.1.7",
      "Source": "Repository",
      "Repository": "CRAN",
      "Hash": "947e4e02a79effa5d512473e10f41797",
      "Requirements": []
    },
    "stringi": {
      "Package": "stringi",
      "Version": "1.7.12",
      "Source": "Repository",
      "Repository": "CRAN",
      "Hash": "ca8bd84263c77310739d2cf64d84d7c9",
      "Requirements": []
    },
    "stringr": {
      "Package": "stringr",
      "Version": "1.5.0",
      "Source": "Repository",
      "Repository": "CRAN",
      "Hash": "671a4d384ae9d32fc47a14e98bfa3dc8",
      "Requirements": [
        "cli",
        "glue",
        "lifecycle",
        "magrittr",
        "rlang",
        "stringi",
        "vctrs"
      ]
    },
    "styler": {
      "Package": "styler",
      "Version": "1.7.0",
      "Source": "Repository",
      "Repository": "CRAN",
      "Hash": "6cc6b1eb8f318b15fae4b81fe0a0d82e",
      "Requirements": [
        "R.cache",
        "cli",
        "magrittr",
        "purrr",
        "rematch2",
        "rlang",
        "rprojroot",
        "tibble",
        "withr"
      ]
    },
    "sys": {
      "Package": "sys",
      "Version": "3.4.2",
      "Source": "Repository",
      "Repository": "CRAN",
      "Hash": "3a1be13d68d47a8cd0bfd74739ca1555",
      "Requirements": []
    },
    "testthat": {
      "Package": "testthat",
      "Version": "3.1.8",
      "Source": "Repository",
      "Repository": "CRAN",
      "Hash": "e0eded5dd915510f8e0d6e6277506203",
      "Requirements": [
        "R6",
        "brio",
        "callr",
        "cli",
        "desc",
        "digest",
        "ellipsis",
        "evaluate",
        "jsonlite",
        "lifecycle",
        "magrittr",
        "pkgload",
        "praise",
        "processx",
        "ps",
        "rlang",
        "waldo",
        "withr"
      ]
    },
    "tibble": {
      "Package": "tibble",
      "Version": "3.2.1",
      "Source": "Repository",
      "Repository": "CRAN",
      "Hash": "a84e2cc86d07289b3b6f5069df7a004c",
      "Requirements": [
        "fansi",
        "lifecycle",
        "magrittr",
        "pillar",
        "pkgconfig",
        "rlang",
        "vctrs"
      ]
    },
    "tidyr": {
      "Package": "tidyr",
      "Version": "1.3.0",
      "Source": "Repository",
      "Repository": "CRAN",
      "Hash": "e47debdc7ce599b070c8e78e8ac0cfcf",
      "Requirements": [
        "cli",
        "cpp11",
        "dplyr",
        "glue",
        "lifecycle",
        "magrittr",
        "purrr",
        "rlang",
        "stringr",
        "tibble",
        "tidyselect",
        "vctrs"
      ]
    },
    "tidyselect": {
      "Package": "tidyselect",
      "Version": "1.2.0",
      "Source": "Repository",
      "Repository": "CRAN",
      "Hash": "79540e5fcd9e0435af547d885f184fd5",
      "Requirements": [
        "cli",
        "glue",
        "lifecycle",
        "rlang",
        "vctrs",
        "withr"
      ]
    },
    "timechange": {
      "Package": "timechange",
      "Version": "0.2.0",
      "Source": "Repository",
      "Repository": "CRAN",
      "Hash": "8548b44f79a35ba1791308b61e6012d7",
      "Requirements": [
        "cpp11"
      ]
    },
    "tinytex": {
      "Package": "tinytex",
      "Version": "0.46",
      "Source": "Repository",
      "Repository": "CRAN",
      "Hash": "0c41a73214d982f539c56a7773c7afa5",
      "Requirements": [
        "xfun"
      ]
    },
    "utf8": {
      "Package": "utf8",
      "Version": "1.2.2",
      "Source": "Repository",
      "Repository": "CRAN",
      "Hash": "c9c462b759a5cc844ae25b5942654d13",
      "Requirements": []
    },
    "uuid": {
      "Package": "uuid",
      "Version": "1.1-1",
      "Source": "Repository",
      "Repository": "CRAN",
      "Hash": "3d78edfb977a69fc7a0341bee25e163f",
      "Requirements": []
    },
    "vctrs": {
      "Package": "vctrs",
      "Version": "0.6.3",
      "Source": "CRAN",
      "Repository": "CRAN",
      "RemoteType": "standard",
      "RemotePkgRef": "vctrs",
      "RemoteRef": "vctrs",
      "RemoteRepos": "https://cloud.r-project.org",
      "RemotePkgPlatform": "aarch64-apple-darwin20",
      "RemoteSha": "0.6.3",
      "Hash": "d0ef2856b83dc33ea6e255caf6229ee2",
      "Requirements": [
        "cli",
        "glue",
        "lifecycle",
        "rlang"
      ]
    },
    "waldo": {
      "Package": "waldo",
      "Version": "0.5.1",
      "Source": "Repository",
      "Repository": "CRAN",
      "Hash": "2c993415154cdb94649d99ae138ff5e5",
      "Requirements": [
        "cli",
        "diffobj",
        "fansi",
        "glue",
        "rematch2",
        "rlang",
        "tibble"
      ]
    },
    "withr": {
      "Package": "withr",
      "Version": "2.5.0",
      "Source": "Repository",
      "Repository": "CRAN",
      "Hash": "c0e49a9760983e81e55cdd9be92e7182",
      "Requirements": []
    },
    "xfun": {
      "Package": "xfun",
      "Version": "0.39.1",
      "Source": "Repository",
      "Repository": "https://yihui.r-universe.dev",
      "RemoteUrl": "https://github.com/yihui/xfun",
      "RemoteRef": "HEAD",
      "RemoteSha": "304f91486b6940f14ff6593baf9e8de93db8ef46",
      "Hash": "e245ccb022fd5c3b1642669d5a7bc355",
      "Requirements": []
    },
    "xml2": {
      "Package": "xml2",
      "Version": "1.3.3",
      "Source": "Repository",
      "Repository": "CRAN",
      "Hash": "40682ed6a969ea5abfd351eb67833adc",
      "Requirements": []
    },
    "xmlparsedata": {
      "Package": "xmlparsedata",
      "Version": "1.0.5",
      "Source": "Repository",
      "Repository": "CRAN",
      "Hash": "45e4bf3c46476896e821fc0a408fb4fc",
      "Requirements": []
    },
    "xtable": {
      "Package": "xtable",
      "Version": "1.8-4",
      "Source": "Repository",
      "Repository": "CRAN",
      "Hash": "b8acdf8af494d9ec19ccb2481a9b11c2",
      "Requirements": []
    },
    "yaml": {
      "Package": "yaml",
      "Version": "2.3.5",
      "Source": "Repository",
      "Repository": "CRAN",
      "Hash": "458bb38374d73bf83b1bb85e353da200",
      "Requirements": []
    }
  }
}
